
Microsoft Visual Studio Solution File, Format Version 12.00
# Visual Studio 2017
Project("{FAE04EC0-301F-11D3-BF4B-00C04F79EFBC}") = "SpaceShooterTristanK", "SpaceShooterTristanK.csproj", "{9DE3A353-0C28-5309-07C8-65D0C68674C3}"
EndProject
Project("{FAE04EC0-301F-11D3-BF4B-00C04F79EFBC}") = "SpaceShooterTristanK.Editor", "SpaceShooterTristanK.Editor.csproj", "{53F4B071-00F6-BED1-5429-4731A26B511B}"
EndProject
Global
	GlobalSection(SolutionConfigurationPlatforms) = preSolution
		Debug|Any CPU = Debug|Any CPU
		Release|Any CPU = Release|Any CPU
	EndGlobalSection
	GlobalSection(ProjectConfigurationPlatforms) = postSolution
		{9DE3A353-0C28-5309-07C8-65D0C68674C3}.Debug|Any CPU.ActiveCfg = Debug|Any CPU
		{9DE3A353-0C28-5309-07C8-65D0C68674C3}.Debug|Any CPU.Build.0 = Debug|Any CPU
		{9DE3A353-0C28-5309-07C8-65D0C68674C3}.Release|Any CPU.ActiveCfg = Release|Any CPU
		{9DE3A353-0C28-5309-07C8-65D0C68674C3}.Release|Any CPU.Build.0 = Release|Any CPU
		{53F4B071-00F6-BED1-5429-4731A26B511B}.Debug|Any CPU.ActiveCfg = Debug|Any CPU
		{53F4B071-00F6-BED1-5429-4731A26B511B}.Debug|Any CPU.Build.0 = Debug|Any CPU
		{53F4B071-00F6-BED1-5429-4731A26B511B}.Release|Any CPU.ActiveCfg = Release|Any CPU
		{53F4B071-00F6-BED1-5429-4731A26B511B}.Release|Any CPU.Build.0 = Release|Any CPU
	EndGlobalSection
	GlobalSection(SolutionProperties) = preSolution
		HideSolutionNode = FALSE
	EndGlobalSection
EndGlobal
